
Microsoft Visual Studio Solution File, Format Version 12.00
# Visual Studio 15
VisualStudioVersion = 15.0.28010.2041
MinimumVisualStudioVersion = 10.0.40219.1
Project("{FAE04EC0-301F-11D3-BF4B-00C04F79EFBC}") = "GCLab4", "GCLab4\GCLab4.csproj", "{785D5A16-81A2-4765-8C2F-5AC6E54D7A72}"
EndProject
Global
	GlobalSection(SolutionConfigurationPlatforms) = preSolution
		Debug|Any CPU = Debug|Any CPU
		Release|Any CPU = Release|Any CPU
	EndGlobalSection
	GlobalSection(ProjectConfigurationPlatforms) = postSolution
		{785D5A16-81A2-4765-8C2F-5AC6E54D7A72}.Debug|Any CPU.ActiveCfg = Debug|Any CPU
		{785D5A16-81A2-4765-8C2F-5AC6E54D7A72}.Debug|Any CPU.Build.0 = Debug|Any CPU
		{785D5A16-81A2-4765-8C2F-5AC6E54D7A72}.Release|Any CPU.ActiveCfg = Release|Any CPU
		{785D5A16-81A2-4765-8C2F-5AC6E54D7A72}.Release|Any CPU.Build.0 = Release|Any CPU
	EndGlobalSection
	GlobalSection(SolutionProperties) = preSolution
		HideSolutionNode = FALSE
	EndGlobalSection
	GlobalSection(ExtensibilityGlobals) = postSolution
		SolutionGuid = {2C333616-21A8-4275-B7A5-E85AE456A3AB}
	EndGlobalSection
EndGlobal
